
Microsoft Visual Studio Solution File, Format Version 12.00
# Visual Studio Version 16
VisualStudioVersion = 16.0.30104.148
MinimumVisualStudioVersion = 10.0.40219.1
Project("{FAE04EC0-301F-11D3-BF4B-00C04F79EFBC}") = "Econobuy_Android.Android", "Econobuy_Android\Econobuy_Android.Android\Econobuy_Android.Android.csproj", "{34AF4AC5-F69E-4689-87E0-BC7964EBCA39}"
EndProject
Project("{9A19103F-16F7-4668-BE54-9A1E7A4F7556}") = "Econobuy_Android", "Econobuy_Android\Econobuy_Android\Econobuy_Android.csproj", "{E9B14AC5-8D8C-4672-B77F-2E1287EF0CE2}"
EndProject
Global
	GlobalSection(SolutionConfigurationPlatforms) = preSolution
		Debug|Any CPU = Debug|Any CPU
		Debug|iPhone = Debug|iPhone
		Debug|iPhoneSimulator = Debug|iPhoneSimulator
		Release|Any CPU = Release|Any CPU
		Release|iPhone = Release|iPhone
		Release|iPhoneSimulator = Release|iPhoneSimulator
	EndGlobalSection
	GlobalSection(ProjectConfigurationPlatforms) = postSolution
		{34AF4AC5-F69E-4689-87E0-BC7964EBCA39}.Debug|Any CPU.ActiveCfg = Debug|Any CPU
		{34AF4AC5-F69E-4689-87E0-BC7964EBCA39}.Debug|Any CPU.Build.0 = Debug|Any CPU
		{34AF4AC5-F69E-4689-87E0-BC7964EBCA39}.Debug|Any CPU.Deploy.0 = Debug|Any CPU
		{34AF4AC5-F69E-4689-87E0-BC7964EBCA39}.Debug|iPhone.ActiveCfg = Debug|Any CPU
		{34AF4AC5-F69E-4689-87E0-BC7964EBCA39}.Debug|iPhone.Build.0 = Debug|Any CPU
		{34AF4AC5-F69E-4689-87E0-BC7964EBCA39}.Debug|iPhone.Deploy.0 = Debug|Any CPU
		{34AF4AC5-F69E-4689-87E0-BC7964EBCA39}.Debug|iPhoneSimulator.ActiveCfg = Debug|Any CPU
		{34AF4AC5-F69E-4689-87E0-BC7964EBCA39}.Debug|iPhoneSimulator.Build.0 = Debug|Any CPU
		{34AF4AC5-F69E-4689-87E0-BC7964EBCA39}.Debug|iPhoneSimulator.Deploy.0 = Debug|Any CPU
		{34AF4AC5-F69E-4689-87E0-BC7964EBCA39}.Release|Any CPU.ActiveCfg = Release|Any CPU
		{34AF4AC5-F69E-4689-87E0-BC7964EBCA39}.Release|Any CPU.Build.0 = Release|Any CPU
		{34AF4AC5-F69E-4689-87E0-BC7964EBCA39}.Release|Any CPU.Deploy.0 = Release|Any CPU
		{34AF4AC5-F69E-4689-87E0-BC7964EBCA39}.Release|iPhone.ActiveCfg = Release|Any CPU
		{34AF4AC5-F69E-4689-87E0-BC7964EBCA39}.Release|iPhone.Build.0 = Release|Any CPU
		{34AF4AC5-F69E-4689-87E0-BC7964EBCA39}.Release|iPhone.Deploy.0 = Release|Any CPU
		{34AF4AC5-F69E-4689-87E0-BC7964EBCA39}.Release|iPhoneSimulator.ActiveCfg = Release|Any CPU
		{34AF4AC5-F69E-4689-87E0-BC7964EBCA39}.Release|iPhoneSimulator.Build.0 = Release|Any CPU
		{34AF4AC5-F69E-4689-87E0-BC7964EBCA39}.Release|iPhoneSimulator.Deploy.0 = Release|Any CPU
		{E9B14AC5-8D8C-4672-B77F-2E1287EF0CE2}.Debug|Any CPU.ActiveCfg = Debug|Any CPU
		{E9B14AC5-8D8C-4672-B77F-2E1287EF0CE2}.Debug|Any CPU.Build.0 = Debug|Any CPU
		{E9B14AC5-8D8C-4672-B77F-2E1287EF0CE2}.Debug|Any CPU.Deploy.0 = Debug|Any CPU
		{E9B14AC5-8D8C-4672-B77F-2E1287EF0CE2}.Debug|iPhone.ActiveCfg = Debug|Any CPU
		{E9B14AC5-8D8C-4672-B77F-2E1287EF0CE2}.Debug|iPhone.Build.0 = Debug|Any CPU
		{E9B14AC5-8D8C-4672-B77F-2E1287EF0CE2}.Debug|iPhone.Deploy.0 = Debug|Any CPU
		{E9B14AC5-8D8C-4672-B77F-2E1287EF0CE2}.Debug|iPhoneSimulator.ActiveCfg = Debug|Any CPU
		{E9B14AC5-8D8C-4672-B77F-2E1287EF0CE2}.Debug|iPhoneSimulator.Build.0 = Debug|Any CPU
		{E9B14AC5-8D8C-4672-B77F-2E1287EF0CE2}.Debug|iPhoneSimulator.Deploy.0 = Debug|Any CPU
		{E9B14AC5-8D8C-4672-B77F-2E1287EF0CE2}.Release|Any CPU.ActiveCfg = Release|Any CPU
		{E9B14AC5-8D8C-4672-B77F-2E1287EF0CE2}.Release|Any CPU.Build.0 = Release|Any CPU
		{E9B14AC5-8D8C-4672-B77F-2E1287EF0CE2}.Release|Any CPU.Deploy.0 = Release|Any CPU
		{E9B14AC5-8D8C-4672-B77F-2E1287EF0CE2}.Release|iPhone.ActiveCfg = Release|Any CPU
		{E9B14AC5-8D8C-4672-B77F-2E1287EF0CE2}.Release|iPhone.Build.0 = Release|Any CPU
		{E9B14AC5-8D8C-4672-B77F-2E1287EF0CE2}.Release|iPhone.Deploy.0 = Release|Any CPU
		{E9B14AC5-8D8C-4672-B77F-2E1287EF0CE2}.Release|iPhoneSimulator.ActiveCfg = Release|Any CPU
		{E9B14AC5-8D8C-4672-B77F-2E1287EF0CE2}.Release|iPhoneSimulator.Build.0 = Release|Any CPU
		{E9B14AC5-8D8C-4672-B77F-2E1287EF0CE2}.Release|iPhoneSimulator.Deploy.0 = Release|Any CPU
	EndGlobalSection
	GlobalSection(SolutionProperties) = preSolution
		HideSolutionNode = FALSE
	EndGlobalSection
	GlobalSection(ExtensibilityGlobals) = postSolution
		SolutionGuid = {F47F277F-17C2-438C-8C29-4C824C4F4313}
	EndGlobalSection
EndGlobal
